
Microsoft Visual Studio Solution File, Format Version 12.00
# Visual Studio Version 17
VisualStudioVersion = 17.9.34728.123
MinimumVisualStudioVersion = 10.0.40219.1
Project("{2150E333-8FDC-42A3-9474-1A3956D46DE8}") = "PortfolioService", "PortfolioService", "{967D56B1-12A4-4346-9CC4-1EC8CC6425BC}"
EndProject
Project("{2150E333-8FDC-42A3-9474-1A3956D46DE8}") = "Adapters", "Adapters", "{F155FE55-E9D2-44FD-BC6F-463BA58ADED8}"
EndProject
Project("{2150E333-8FDC-42A3-9474-1A3956D46DE8}") = "Data", "Data", "{8320EB96-09C7-41AC-9D3B-6DF44935B147}"
EndProject
Project("{9A19103F-16F7-4668-BE54-9A1E7A4F7556}") = "Data", "PortfolioService\Adpters\Data\Data.csproj", "{18F97A14-7B3E-48C4-8EA5-532E5CCEA9A1}"
EndProject
Project("{2150E333-8FDC-42A3-9474-1A3956D46DE8}") = "Consumers", "Consumers", "{0CBA9799-2CFE-4A88-9929-A92A488094C4}"
EndProject
Project("{2150E333-8FDC-42A3-9474-1A3956D46DE8}") = "API", "API", "{1527F345-5D34-4A8D-B78F-1991FD0D7ED3}"
EndProject
Project("{9A19103F-16F7-4668-BE54-9A1E7A4F7556}") = "API", "PortfolioService\Consumers\API\API.csproj", "{C73F78CC-ED9F-4D96-906C-56824550EC42}"
EndProject
Project("{2150E333-8FDC-42A3-9474-1A3956D46DE8}") = "Core", "Core", "{3642F08B-63A9-4C01-B4B5-5113F4CB962D}"
EndProject
Project("{2150E333-8FDC-42A3-9474-1A3956D46DE8}") = "Application", "Application", "{1AEF84D7-0777-433C-A728-C90E4DA26B31}"
EndProject
Project("{9A19103F-16F7-4668-BE54-9A1E7A4F7556}") = "Application", "PortfolioService\Core\Application\Application.csproj", "{00D8C76D-BDB9-4E37-B2C0-AFE0CA91B8C2}"
EndProject
Project("{2150E333-8FDC-42A3-9474-1A3956D46DE8}") = "Domain", "Domain", "{C2B01779-5D1A-4155-9FE2-D34CEFD1D2CF}"
EndProject
Project("{9A19103F-16F7-4668-BE54-9A1E7A4F7556}") = "Domain", "PortfolioService\Core\Domain\Domain.csproj", "{2677F23E-E1E2-4771-967A-A96284B917E2}"
EndProject
Project("{2150E333-8FDC-42A3-9474-1A3956D46DE8}") = "Tests", "Tests", "{62E3B797-EAE5-4931-BE35-628A15A2B31E}"
EndProject
Project("{2150E333-8FDC-42A3-9474-1A3956D46DE8}") = "Adapters", "Adapters", "{8CDFDFE6-FAB9-4D07-97B2-04759E58ADF3}"
EndProject
Project("{2150E333-8FDC-42A3-9474-1A3956D46DE8}") = "AdaptersTests", "AdaptersTests", "{A5B5EF23-EE5E-432B-90C7-189B1805E93F}"
EndProject
Project("{9A19103F-16F7-4668-BE54-9A1E7A4F7556}") = "AdaptersTests", "PortfolioService\Tests\Adapters\AdaptersTests\AdaptersTests.csproj", "{CFF4499D-4BD1-4DE1-8C49-61A8E2829D59}"
EndProject
Project("{2150E333-8FDC-42A3-9474-1A3956D46DE8}") = "Application", "Application", "{E231EC22-DAE5-4558-B007-E06F2D2FB766}"
EndProject
Project("{2150E333-8FDC-42A3-9474-1A3956D46DE8}") = "ApplicationTests", "ApplicationTests", "{3140A4E2-BFCC-4C51-B152-5D4EECA824A0}"
EndProject
Project("{9A19103F-16F7-4668-BE54-9A1E7A4F7556}") = "ApplicationTests", "PortfolioService\Tests\Application\ApplicationTests\ApplicationTests.csproj", "{589F9024-D536-4836-B705-52371B6E937E}"
EndProject
Project("{2150E333-8FDC-42A3-9474-1A3956D46DE8}") = "Domain", "Domain", "{B060853B-0131-4572-A5F4-BC74B815BBEE}"
EndProject
Project("{2150E333-8FDC-42A3-9474-1A3956D46DE8}") = "DomainTests", "DomainTests", "{1DB02B2A-B96F-4B86-A81C-A1A181802FDB}"
EndProject
Project("{9A19103F-16F7-4668-BE54-9A1E7A4F7556}") = "DomainTests", "PortfolioService\Tests\Domain\DomainTests\DomainTests.csproj", "{EDC36845-8AF3-46F2-8B9E-E1E4E62BEEE8}"
EndProject
Global
	GlobalSection(SolutionConfigurationPlatforms) = preSolution
		Debug|Any CPU = Debug|Any CPU
		Release|Any CPU = Release|Any CPU
	EndGlobalSection
	GlobalSection(ProjectConfigurationPlatforms) = postSolution
		{18F97A14-7B3E-48C4-8EA5-532E5CCEA9A1}.Debug|Any CPU.ActiveCfg = Debug|Any CPU
		{18F97A14-7B3E-48C4-8EA5-532E5CCEA9A1}.Debug|Any CPU.Build.0 = Debug|Any CPU
		{18F97A14-7B3E-48C4-8EA5-532E5CCEA9A1}.Release|Any CPU.ActiveCfg = Release|Any CPU
		{18F97A14-7B3E-48C4-8EA5-532E5CCEA9A1}.Release|Any CPU.Build.0 = Release|Any CPU
		{C73F78CC-ED9F-4D96-906C-56824550EC42}.Debug|Any CPU.ActiveCfg = Debug|Any CPU
		{C73F78CC-ED9F-4D96-906C-56824550EC42}.Debug|Any CPU.Build.0 = Debug|Any CPU
		{C73F78CC-ED9F-4D96-906C-56824550EC42}.Release|Any CPU.ActiveCfg = Release|Any CPU
		{C73F78CC-ED9F-4D96-906C-56824550EC42}.Release|Any CPU.Build.0 = Release|Any CPU
		{00D8C76D-BDB9-4E37-B2C0-AFE0CA91B8C2}.Debug|Any CPU.ActiveCfg = Debug|Any CPU
		{00D8C76D-BDB9-4E37-B2C0-AFE0CA91B8C2}.Debug|Any CPU.Build.0 = Debug|Any CPU
		{00D8C76D-BDB9-4E37-B2C0-AFE0CA91B8C2}.Release|Any CPU.ActiveCfg = Release|Any CPU
		{00D8C76D-BDB9-4E37-B2C0-AFE0CA91B8C2}.Release|Any CPU.Build.0 = Release|Any CPU
		{2677F23E-E1E2-4771-967A-A96284B917E2}.Debug|Any CPU.ActiveCfg = Debug|Any CPU
		{2677F23E-E1E2-4771-967A-A96284B917E2}.Debug|Any CPU.Build.0 = Debug|Any CPU
		{2677F23E-E1E2-4771-967A-A96284B917E2}.Release|Any CPU.ActiveCfg = Release|Any CPU
		{2677F23E-E1E2-4771-967A-A96284B917E2}.Release|Any CPU.Build.0 = Release|Any CPU
		{CFF4499D-4BD1-4DE1-8C49-61A8E2829D59}.Debug|Any CPU.ActiveCfg = Debug|Any CPU
		{CFF4499D-4BD1-4DE1-8C49-61A8E2829D59}.Debug|Any CPU.Build.0 = Debug|Any CPU
		{CFF4499D-4BD1-4DE1-8C49-61A8E2829D59}.Release|Any CPU.ActiveCfg = Release|Any CPU
		{CFF4499D-4BD1-4DE1-8C49-61A8E2829D59}.Release|Any CPU.Build.0 = Release|Any CPU
		{589F9024-D536-4836-B705-52371B6E937E}.Debug|Any CPU.ActiveCfg = Debug|Any CPU
		{589F9024-D536-4836-B705-52371B6E937E}.Debug|Any CPU.Build.0 = Debug|Any CPU
		{589F9024-D536-4836-B705-52371B6E937E}.Release|Any CPU.ActiveCfg = Release|Any CPU
		{589F9024-D536-4836-B705-52371B6E937E}.Release|Any CPU.Build.0 = Release|Any CPU
		{EDC36845-8AF3-46F2-8B9E-E1E4E62BEEE8}.Debug|Any CPU.ActiveCfg = Debug|Any CPU
		{EDC36845-8AF3-46F2-8B9E-E1E4E62BEEE8}.Debug|Any CPU.Build.0 = Debug|Any CPU
		{EDC36845-8AF3-46F2-8B9E-E1E4E62BEEE8}.Release|Any CPU.ActiveCfg = Release|Any CPU
		{EDC36845-8AF3-46F2-8B9E-E1E4E62BEEE8}.Release|Any CPU.Build.0 = Release|Any CPU
	EndGlobalSection
	GlobalSection(SolutionProperties) = preSolution
		HideSolutionNode = FALSE
	EndGlobalSection
	GlobalSection(NestedProjects) = preSolution
		{F155FE55-E9D2-44FD-BC6F-463BA58ADED8} = {967D56B1-12A4-4346-9CC4-1EC8CC6425BC}
		{8320EB96-09C7-41AC-9D3B-6DF44935B147} = {F155FE55-E9D2-44FD-BC6F-463BA58ADED8}
		{18F97A14-7B3E-48C4-8EA5-532E5CCEA9A1} = {8320EB96-09C7-41AC-9D3B-6DF44935B147}
		{0CBA9799-2CFE-4A88-9929-A92A488094C4} = {967D56B1-12A4-4346-9CC4-1EC8CC6425BC}
		{1527F345-5D34-4A8D-B78F-1991FD0D7ED3} = {0CBA9799-2CFE-4A88-9929-A92A488094C4}
		{C73F78CC-ED9F-4D96-906C-56824550EC42} = {1527F345-5D34-4A8D-B78F-1991FD0D7ED3}
		{3642F08B-63A9-4C01-B4B5-5113F4CB962D} = {967D56B1-12A4-4346-9CC4-1EC8CC6425BC}
		{1AEF84D7-0777-433C-A728-C90E4DA26B31} = {3642F08B-63A9-4C01-B4B5-5113F4CB962D}
		{00D8C76D-BDB9-4E37-B2C0-AFE0CA91B8C2} = {1AEF84D7-0777-433C-A728-C90E4DA26B31}
		{C2B01779-5D1A-4155-9FE2-D34CEFD1D2CF} = {3642F08B-63A9-4C01-B4B5-5113F4CB962D}
		{2677F23E-E1E2-4771-967A-A96284B917E2} = {C2B01779-5D1A-4155-9FE2-D34CEFD1D2CF}
		{62E3B797-EAE5-4931-BE35-628A15A2B31E} = {967D56B1-12A4-4346-9CC4-1EC8CC6425BC}
		{8CDFDFE6-FAB9-4D07-97B2-04759E58ADF3} = {62E3B797-EAE5-4931-BE35-628A15A2B31E}
		{A5B5EF23-EE5E-432B-90C7-189B1805E93F} = {8CDFDFE6-FAB9-4D07-97B2-04759E58ADF3}
		{CFF4499D-4BD1-4DE1-8C49-61A8E2829D59} = {A5B5EF23-EE5E-432B-90C7-189B1805E93F}
		{E231EC22-DAE5-4558-B007-E06F2D2FB766} = {62E3B797-EAE5-4931-BE35-628A15A2B31E}
		{3140A4E2-BFCC-4C51-B152-5D4EECA824A0} = {E231EC22-DAE5-4558-B007-E06F2D2FB766}
		{589F9024-D536-4836-B705-52371B6E937E} = {3140A4E2-BFCC-4C51-B152-5D4EECA824A0}
		{B060853B-0131-4572-A5F4-BC74B815BBEE} = {62E3B797-EAE5-4931-BE35-628A15A2B31E}
		{1DB02B2A-B96F-4B86-A81C-A1A181802FDB} = {B060853B-0131-4572-A5F4-BC74B815BBEE}
		{EDC36845-8AF3-46F2-8B9E-E1E4E62BEEE8} = {1DB02B2A-B96F-4B86-A81C-A1A181802FDB}
	EndGlobalSection
	GlobalSection(ExtensibilityGlobals) = postSolution
		SolutionGuid = {96E79CCD-CE0F-41B1-8C01-7EBBD9C00CFB}
	EndGlobalSection
EndGlobal
